
Microsoft Visual Studio Solution File, Format Version 12.00
# Visual Studio Version 16
VisualStudioVersion = 16.0.31624.102
MinimumVisualStudioVersion = 10.0.40219.1
Project("{FAE04EC0-301F-11D3-BF4B-00C04F79EFBC}") = "WebApplication1", "WebApplication1\WebApplication1.csproj", "{FCD531BF-0182-46CA-86DE-8D0D32AC7CCD}"
EndProject
Global
	GlobalSection(SolutionConfigurationPlatforms) = preSolution
		Debug|Any CPU = Debug|Any CPU
		Release|Any CPU = Release|Any CPU
	EndGlobalSection
	GlobalSection(ProjectConfigurationPlatforms) = postSolution
		{FCD531BF-0182-46CA-86DE-8D0D32AC7CCD}.Debug|Any CPU.ActiveCfg = Debug|Any CPU
		{FCD531BF-0182-46CA-86DE-8D0D32AC7CCD}.Debug|Any CPU.Build.0 = Debug|Any CPU
		{FCD531BF-0182-46CA-86DE-8D0D32AC7CCD}.Release|Any CPU.ActiveCfg = Release|Any CPU
		{FCD531BF-0182-46CA-86DE-8D0D32AC7CCD}.Release|Any CPU.Build.0 = Release|Any CPU
	EndGlobalSection
	GlobalSection(SolutionProperties) = preSolution
		HideSolutionNode = FALSE
	EndGlobalSection
	GlobalSection(ExtensibilityGlobals) = postSolution
		SolutionGuid = {04A11BBC-EA2F-4914-9B45-AC0DEC4575E2}
	EndGlobalSection
EndGlobal
